
Microsoft Visual Studio Solution File, Format Version 12.00
# Visual Studio Version 17
VisualStudioVersion = 17.0.31903.59
MinimumVisualStudioVersion = 10.0.40219.1
Project("{FAE04EC0-301F-11D3-BF4B-00C04F79EFBC}") = "CritApi", "CritApi\CritApi.csproj", "{EA0FB449-69C9-4C82-B124-4582102A0074}"
EndProject
Project("{FAE04EC0-301F-11D3-BF4B-00C04F79EFBC}") = "CritDTO", "CritDTO\CritDTO.csproj", "{AED4BFF6-F7F9-4955-BDD1-98EF1C5844F5}"
EndProject
Project("{FAE04EC0-301F-11D3-BF4B-00C04F79EFBC}") = "CritDataAccess", "CritDataAccess\CritDataAccess.csproj", "{C3F5C987-92FC-4228-ABAD-B2C7BC4A6B42}"
EndProject
Global
	GlobalSection(SolutionConfigurationPlatforms) = preSolution
		Debug|Any CPU = Debug|Any CPU
		Release|Any CPU = Release|Any CPU
	EndGlobalSection
	GlobalSection(SolutionProperties) = preSolution
		HideSolutionNode = FALSE
	EndGlobalSection
	GlobalSection(ProjectConfigurationPlatforms) = postSolution
		{EA0FB449-69C9-4C82-B124-4582102A0074}.Debug|Any CPU.ActiveCfg = Debug|Any CPU
		{EA0FB449-69C9-4C82-B124-4582102A0074}.Debug|Any CPU.Build.0 = Debug|Any CPU
		{EA0FB449-69C9-4C82-B124-4582102A0074}.Release|Any CPU.ActiveCfg = Release|Any CPU
		{EA0FB449-69C9-4C82-B124-4582102A0074}.Release|Any CPU.Build.0 = Release|Any CPU
		{AED4BFF6-F7F9-4955-BDD1-98EF1C5844F5}.Debug|Any CPU.ActiveCfg = Debug|Any CPU
		{AED4BFF6-F7F9-4955-BDD1-98EF1C5844F5}.Debug|Any CPU.Build.0 = Debug|Any CPU
		{AED4BFF6-F7F9-4955-BDD1-98EF1C5844F5}.Release|Any CPU.ActiveCfg = Release|Any CPU
		{AED4BFF6-F7F9-4955-BDD1-98EF1C5844F5}.Release|Any CPU.Build.0 = Release|Any CPU
		{C3F5C987-92FC-4228-ABAD-B2C7BC4A6B42}.Debug|Any CPU.ActiveCfg = Debug|Any CPU
		{C3F5C987-92FC-4228-ABAD-B2C7BC4A6B42}.Debug|Any CPU.Build.0 = Debug|Any CPU
		{C3F5C987-92FC-4228-ABAD-B2C7BC4A6B42}.Release|Any CPU.ActiveCfg = Release|Any CPU
		{C3F5C987-92FC-4228-ABAD-B2C7BC4A6B42}.Release|Any CPU.Build.0 = Release|Any CPU
	EndGlobalSection
EndGlobal
